
Microsoft Visual Studio Solution File, Format Version 12.00
# Visual Studio 14
VisualStudioVersion = 14.0.25123.0
MinimumVisualStudioVersion = 10.0.40219.1
Project("{FAE04EC0-301F-11D3-BF4B-00C04F79EFBC}") = "ConfigGen.ConsoleApp", "ConfigGen.ConsoleApp\ConfigGen.ConsoleApp.csproj", "{B8732EE6-8AEF-4DD8-9C71-14FACE388CF0}"
EndProject
Project("{FAE04EC0-301F-11D3-BF4B-00C04F79EFBC}") = "ConfigGen.Domain.Contract", "ConfigGen.Domain.Contract\ConfigGen.Domain.Contract.csproj", "{922A7CAC-D79F-47A8-A780-5EE0BAA384FA}"
EndProject
Project("{FAE04EC0-301F-11D3-BF4B-00C04F79EFBC}") = "ConfigGen.Infrastructure.RazorTemplateRendering", "ConfigGen.Infrastructure.RazorTemplateRendering\ConfigGen.Infrastructure.RazorTemplateRendering.csproj", "{295F8721-ADF4-4276-9CE4-3A5FC17AF4A9}"
EndProject
Project("{FAE04EC0-301F-11D3-BF4B-00C04F79EFBC}") = "ConfigGen.Infrastructure.RazorTemplateRendering.Tests", "ConfigGen.Infrastructure.RazorTemplateRendering.Tests\ConfigGen.Infrastructure.RazorTemplateRendering.Tests.csproj", "{AC9E6A47-A0F6-4C52-B0E0-1E8CE736FF37}"
EndProject
Project("{FAE04EC0-301F-11D3-BF4B-00C04F79EFBC}") = "ConfigGen.Templating.Razor", "ConfigGen.Templating.Razor\ConfigGen.Templating.Razor.csproj", "{C96CB4FE-EFD6-4673-B587-71E1053B970E}"
EndProject
Project("{FAE04EC0-301F-11D3-BF4B-00C04F79EFBC}") = "ConfigGen.Templating.Xml", "ConfigGen.Templating.Xml\ConfigGen.Templating.Xml.csproj", "{A2A596E2-B503-4311-9AD4-7EDAE03D7B1F}"
EndProject
Project("{FAE04EC0-301F-11D3-BF4B-00C04F79EFBC}") = "ConfigGen.Templating.Razor.Tests", "ConfigGen.Templating.Razor.Tests\ConfigGen.Templating.Razor.Tests.csproj", "{8603B9D8-9392-4044-9512-FF8A36BD1167}"
EndProject
Project("{FAE04EC0-301F-11D3-BF4B-00C04F79EFBC}") = "ConfigGen.Templating.Xml.Tests", "ConfigGen.Templating.Xml.Tests\ConfigGen.Templating.Xml.Tests.csproj", "{D95F075F-FB3D-4972-85B0-21AEFA353FD7}"
EndProject
Project("{FAE04EC0-301F-11D3-BF4B-00C04F79EFBC}") = "ConfigGen.Tests.Common", "ConfigGen.Tests.Common\ConfigGen.Tests.Common.csproj", "{3FEBFF76-6425-454A-BEF3-5ACB437B6A5D}"
EndProject
Project("{FAE04EC0-301F-11D3-BF4B-00C04F79EFBC}") = "ConfigGen.Utilities", "ConfigGen.Utilities\ConfigGen.Utilities.csproj", "{19F4FCFE-CEB6-4242-81FD-2A35814E6F59}"
EndProject
Project("{FAE04EC0-301F-11D3-BF4B-00C04F79EFBC}") = "ConfigGen.Utilities.Tests", "ConfigGen.Utilities.Tests\ConfigGen.Utilities.Tests.csproj", "{26FF5D9E-0FA0-4B37-80E1-E5907A6DB2A5}"
EndProject
Project("{FAE04EC0-301F-11D3-BF4B-00C04F79EFBC}") = "ConfigGen.Settings.Excel", "ConfigGen.Settings.Excel\ConfigGen.Settings.Excel.csproj", "{90A5D982-3422-4C11-94C1-E1AA924FC5A6}"
EndProject
Project("{FAE04EC0-301F-11D3-BF4B-00C04F79EFBC}") = "ConfigGen.Settings.Excel.Tests", "ConfigGen.Settings.Excel.Tests\ConfigGen.Settings.Excel.Tests.csproj", "{F45C19A6-7DC2-4FAA-BB15-0CDE9F189E7A}"
EndProject
Project("{FAE04EC0-301F-11D3-BF4B-00C04F79EFBC}") = "ConfigGen.Domain", "ConfigGen.Domain\ConfigGen.Domain.csproj", "{B1F73633-082F-4CA1-8BD5-575283C19839}"
EndProject
Project("{FAE04EC0-301F-11D3-BF4B-00C04F79EFBC}") = "ConfigGen.ConsoleApp.Tests", "ConfigGen.ConsoleApp.Tests\ConfigGen.ConsoleApp.Tests.csproj", "{A3697716-1378-46F7-8D3C-EAD05C2D08C5}"
EndProject
Global
	GlobalSection(SolutionConfigurationPlatforms) = preSolution
		Debug|Any CPU = Debug|Any CPU
		Release|Any CPU = Release|Any CPU
	EndGlobalSection
	GlobalSection(ProjectConfigurationPlatforms) = postSolution
		{B8732EE6-8AEF-4DD8-9C71-14FACE388CF0}.Debug|Any CPU.ActiveCfg = Debug|Any CPU
		{B8732EE6-8AEF-4DD8-9C71-14FACE388CF0}.Debug|Any CPU.Build.0 = Debug|Any CPU
		{B8732EE6-8AEF-4DD8-9C71-14FACE388CF0}.Release|Any CPU.ActiveCfg = Release|Any CPU
		{B8732EE6-8AEF-4DD8-9C71-14FACE388CF0}.Release|Any CPU.Build.0 = Release|Any CPU
		{922A7CAC-D79F-47A8-A780-5EE0BAA384FA}.Debug|Any CPU.ActiveCfg = Debug|Any CPU
		{922A7CAC-D79F-47A8-A780-5EE0BAA384FA}.Debug|Any CPU.Build.0 = Debug|Any CPU
		{922A7CAC-D79F-47A8-A780-5EE0BAA384FA}.Release|Any CPU.ActiveCfg = Release|Any CPU
		{922A7CAC-D79F-47A8-A780-5EE0BAA384FA}.Release|Any CPU.Build.0 = Release|Any CPU
		{295F8721-ADF4-4276-9CE4-3A5FC17AF4A9}.Debug|Any CPU.ActiveCfg = Debug|Any CPU
		{295F8721-ADF4-4276-9CE4-3A5FC17AF4A9}.Debug|Any CPU.Build.0 = Debug|Any CPU
		{295F8721-ADF4-4276-9CE4-3A5FC17AF4A9}.Release|Any CPU.ActiveCfg = Release|Any CPU
		{295F8721-ADF4-4276-9CE4-3A5FC17AF4A9}.Release|Any CPU.Build.0 = Release|Any CPU
		{AC9E6A47-A0F6-4C52-B0E0-1E8CE736FF37}.Debug|Any CPU.ActiveCfg = Debug|Any CPU
		{AC9E6A47-A0F6-4C52-B0E0-1E8CE736FF37}.Debug|Any CPU.Build.0 = Debug|Any CPU
		{AC9E6A47-A0F6-4C52-B0E0-1E8CE736FF37}.Release|Any CPU.ActiveCfg = Release|Any CPU
		{AC9E6A47-A0F6-4C52-B0E0-1E8CE736FF37}.Release|Any CPU.Build.0 = Release|Any CPU
		{C96CB4FE-EFD6-4673-B587-71E1053B970E}.Debug|Any CPU.ActiveCfg = Debug|Any CPU
		{C96CB4FE-EFD6-4673-B587-71E1053B970E}.Debug|Any CPU.Build.0 = Debug|Any CPU
		{C96CB4FE-EFD6-4673-B587-71E1053B970E}.Release|Any CPU.ActiveCfg = Release|Any CPU
		{C96CB4FE-EFD6-4673-B587-71E1053B970E}.Release|Any CPU.Build.0 = Release|Any CPU
		{A2A596E2-B503-4311-9AD4-7EDAE03D7B1F}.Debug|Any CPU.ActiveCfg = Debug|Any CPU
		{A2A596E2-B503-4311-9AD4-7EDAE03D7B1F}.Debug|Any CPU.Build.0 = Debug|Any CPU
		{A2A596E2-B503-4311-9AD4-7EDAE03D7B1F}.Release|Any CPU.ActiveCfg = Release|Any CPU
		{A2A596E2-B503-4311-9AD4-7EDAE03D7B1F}.Release|Any CPU.Build.0 = Release|Any CPU
		{8603B9D8-9392-4044-9512-FF8A36BD1167}.Debug|Any CPU.ActiveCfg = Debug|Any CPU
		{8603B9D8-9392-4044-9512-FF8A36BD1167}.Debug|Any CPU.Build.0 = Debug|Any CPU
		{8603B9D8-9392-4044-9512-FF8A36BD1167}.Release|Any CPU.ActiveCfg = Release|Any CPU
		{8603B9D8-9392-4044-9512-FF8A36BD1167}.Release|Any CPU.Build.0 = Release|Any CPU
		{D95F075F-FB3D-4972-85B0-21AEFA353FD7}.Debug|Any CPU.ActiveCfg = Debug|Any CPU
		{D95F075F-FB3D-4972-85B0-21AEFA353FD7}.Debug|Any CPU.Build.0 = Debug|Any CPU
		{D95F075F-FB3D-4972-85B0-21AEFA353FD7}.Release|Any CPU.ActiveCfg = Release|Any CPU
		{D95F075F-FB3D-4972-85B0-21AEFA353FD7}.Release|Any CPU.Build.0 = Release|Any CPU
		{3FEBFF76-6425-454A-BEF3-5ACB437B6A5D}.Debug|Any CPU.ActiveCfg = Debug|Any CPU
		{3FEBFF76-6425-454A-BEF3-5ACB437B6A5D}.Debug|Any CPU.Build.0 = Debug|Any CPU
		{3FEBFF76-6425-454A-BEF3-5ACB437B6A5D}.Release|Any CPU.ActiveCfg = Release|Any CPU
		{3FEBFF76-6425-454A-BEF3-5ACB437B6A5D}.Release|Any CPU.Build.0 = Release|Any CPU
		{19F4FCFE-CEB6-4242-81FD-2A35814E6F59}.Debug|Any CPU.ActiveCfg = Debug|Any CPU
		{19F4FCFE-CEB6-4242-81FD-2A35814E6F59}.Debug|Any CPU.Build.0 = Debug|Any CPU
		{19F4FCFE-CEB6-4242-81FD-2A35814E6F59}.Release|Any CPU.ActiveCfg = Release|Any CPU
		{19F4FCFE-CEB6-4242-81FD-2A35814E6F59}.Release|Any CPU.Build.0 = Release|Any CPU
		{26FF5D9E-0FA0-4B37-80E1-E5907A6DB2A5}.Debug|Any CPU.ActiveCfg = Debug|Any CPU
		{26FF5D9E-0FA0-4B37-80E1-E5907A6DB2A5}.Debug|Any CPU.Build.0 = Debug|Any CPU
		{26FF5D9E-0FA0-4B37-80E1-E5907A6DB2A5}.Release|Any CPU.ActiveCfg = Release|Any CPU
		{26FF5D9E-0FA0-4B37-80E1-E5907A6DB2A5}.Release|Any CPU.Build.0 = Release|Any CPU
		{90A5D982-3422-4C11-94C1-E1AA924FC5A6}.Debug|Any CPU.ActiveCfg = Debug|Any CPU
		{90A5D982-3422-4C11-94C1-E1AA924FC5A6}.Debug|Any CPU.Build.0 = Debug|Any CPU
		{90A5D982-3422-4C11-94C1-E1AA924FC5A6}.Release|Any CPU.ActiveCfg = Release|Any CPU
		{90A5D982-3422-4C11-94C1-E1AA924FC5A6}.Release|Any CPU.Build.0 = Release|Any CPU
		{F45C19A6-7DC2-4FAA-BB15-0CDE9F189E7A}.Debug|Any CPU.ActiveCfg = Debug|Any CPU
		{F45C19A6-7DC2-4FAA-BB15-0CDE9F189E7A}.Debug|Any CPU.Build.0 = Debug|Any CPU
		{F45C19A6-7DC2-4FAA-BB15-0CDE9F189E7A}.Release|Any CPU.ActiveCfg = Release|Any CPU
		{F45C19A6-7DC2-4FAA-BB15-0CDE9F189E7A}.Release|Any CPU.Build.0 = Release|Any CPU
		{B1F73633-082F-4CA1-8BD5-575283C19839}.Debug|Any CPU.ActiveCfg = Debug|Any CPU
		{B1F73633-082F-4CA1-8BD5-575283C19839}.Debug|Any CPU.Build.0 = Debug|Any CPU
		{B1F73633-082F-4CA1-8BD5-575283C19839}.Release|Any CPU.ActiveCfg = Release|Any CPU
		{B1F73633-082F-4CA1-8BD5-575283C19839}.Release|Any CPU.Build.0 = Release|Any CPU
		{A3697716-1378-46F7-8D3C-EAD05C2D08C5}.Debug|Any CPU.ActiveCfg = Debug|Any CPU
		{A3697716-1378-46F7-8D3C-EAD05C2D08C5}.Debug|Any CPU.Build.0 = Debug|Any CPU
		{A3697716-1378-46F7-8D3C-EAD05C2D08C5}.Release|Any CPU.ActiveCfg = Release|Any CPU
		{A3697716-1378-46F7-8D3C-EAD05C2D08C5}.Release|Any CPU.Build.0 = Release|Any CPU
	EndGlobalSection
	GlobalSection(SolutionProperties) = preSolution
		HideSolutionNode = FALSE
	EndGlobalSection
EndGlobal
