
Microsoft Visual Studio Solution File, Format Version 12.00
# Visual Studio 15
VisualStudioVersion = 15.0.27130.2027
MinimumVisualStudioVersion = 10.0.40219.1
Project("{9A19103F-16F7-4668-BE54-9A1E7A4F7556}") = "ConfigGen.ConsoleApp", "ConfigGen.ConsoleApp\ConfigGen.ConsoleApp.csproj", "{C439C25B-8EF0-4E55-864A-9164D5903764}"
EndProject
Project("{9A19103F-16F7-4668-BE54-9A1E7A4F7556}") = "ConfigGen.Application.Contract", "ConfigGen.Application.Contract\ConfigGen.Application.Contract.csproj", "{F865DBCC-A0CC-46ED-93CD-026489CE1E07}"
EndProject
Project("{9A19103F-16F7-4668-BE54-9A1E7A4F7556}") = "ConfigGen.Application.Test", "ConfigGen.Application.Test\ConfigGen.Application.Test.csproj", "{8CF6DB4E-405C-452B-A2AC-3634650242B3}"
EndProject
Project("{9A19103F-16F7-4668-BE54-9A1E7A4F7556}") = "ConfigGen.Utilities", "ConfigGen.Utilities\ConfigGen.Utilities.csproj", "{BAE83580-C012-44CD-9EF7-A8E3A7DE9336}"
EndProject
Project("{9A19103F-16F7-4668-BE54-9A1E7A4F7556}") = "ConfigGen.Utilities.Test", "ConfigGen.Utilities.Test\ConfigGen.Utilities.Test.csproj", "{A1094D67-44E9-4BE7-B7B7-711FF654D3BF}"
EndProject
Project("{9A19103F-16F7-4668-BE54-9A1E7A4F7556}") = "ConfigGen.Application", "ConfigGen.Application\ConfigGen.Application.csproj", "{C4F5E86F-6B03-435F-BB8A-E2704505AED3}"
EndProject
Project("{FAE04EC0-301F-11D3-BF4B-00C04F79EFBC}") = "ConfigGen.Templating.Razor", "ConfigGen.Templating.Razor\ConfigGen.Templating.Razor.csproj", "{C2C7E2DA-0740-41E1-91B1-993F0100317E}"
EndProject
Global
	GlobalSection(SolutionConfigurationPlatforms) = preSolution
		Debug|Any CPU = Debug|Any CPU
		Release|Any CPU = Release|Any CPU
	EndGlobalSection
	GlobalSection(ProjectConfigurationPlatforms) = postSolution
		{C439C25B-8EF0-4E55-864A-9164D5903764}.Debug|Any CPU.ActiveCfg = Debug|Any CPU
		{C439C25B-8EF0-4E55-864A-9164D5903764}.Debug|Any CPU.Build.0 = Debug|Any CPU
		{C439C25B-8EF0-4E55-864A-9164D5903764}.Release|Any CPU.ActiveCfg = Release|Any CPU
		{C439C25B-8EF0-4E55-864A-9164D5903764}.Release|Any CPU.Build.0 = Release|Any CPU
		{F865DBCC-A0CC-46ED-93CD-026489CE1E07}.Debug|Any CPU.ActiveCfg = Debug|Any CPU
		{F865DBCC-A0CC-46ED-93CD-026489CE1E07}.Debug|Any CPU.Build.0 = Debug|Any CPU
		{F865DBCC-A0CC-46ED-93CD-026489CE1E07}.Release|Any CPU.ActiveCfg = Release|Any CPU
		{F865DBCC-A0CC-46ED-93CD-026489CE1E07}.Release|Any CPU.Build.0 = Release|Any CPU
		{8CF6DB4E-405C-452B-A2AC-3634650242B3}.Debug|Any CPU.ActiveCfg = Debug|Any CPU
		{8CF6DB4E-405C-452B-A2AC-3634650242B3}.Debug|Any CPU.Build.0 = Debug|Any CPU
		{8CF6DB4E-405C-452B-A2AC-3634650242B3}.Release|Any CPU.ActiveCfg = Release|Any CPU
		{8CF6DB4E-405C-452B-A2AC-3634650242B3}.Release|Any CPU.Build.0 = Release|Any CPU
		{BAE83580-C012-44CD-9EF7-A8E3A7DE9336}.Debug|Any CPU.ActiveCfg = Debug|Any CPU
		{BAE83580-C012-44CD-9EF7-A8E3A7DE9336}.Debug|Any CPU.Build.0 = Debug|Any CPU
		{BAE83580-C012-44CD-9EF7-A8E3A7DE9336}.Release|Any CPU.ActiveCfg = Release|Any CPU
		{BAE83580-C012-44CD-9EF7-A8E3A7DE9336}.Release|Any CPU.Build.0 = Release|Any CPU
		{A1094D67-44E9-4BE7-B7B7-711FF654D3BF}.Debug|Any CPU.ActiveCfg = Debug|Any CPU
		{A1094D67-44E9-4BE7-B7B7-711FF654D3BF}.Debug|Any CPU.Build.0 = Debug|Any CPU
		{A1094D67-44E9-4BE7-B7B7-711FF654D3BF}.Release|Any CPU.ActiveCfg = Release|Any CPU
		{A1094D67-44E9-4BE7-B7B7-711FF654D3BF}.Release|Any CPU.Build.0 = Release|Any CPU
		{C4F5E86F-6B03-435F-BB8A-E2704505AED3}.Debug|Any CPU.ActiveCfg = Debug|Any CPU
		{C4F5E86F-6B03-435F-BB8A-E2704505AED3}.Debug|Any CPU.Build.0 = Debug|Any CPU
		{C4F5E86F-6B03-435F-BB8A-E2704505AED3}.Release|Any CPU.ActiveCfg = Release|Any CPU
		{C4F5E86F-6B03-435F-BB8A-E2704505AED3}.Release|Any CPU.Build.0 = Release|Any CPU
		{C2C7E2DA-0740-41E1-91B1-993F0100317E}.Debug|Any CPU.ActiveCfg = Debug|Any CPU
		{C2C7E2DA-0740-41E1-91B1-993F0100317E}.Debug|Any CPU.Build.0 = Debug|Any CPU
		{C2C7E2DA-0740-41E1-91B1-993F0100317E}.Release|Any CPU.ActiveCfg = Release|Any CPU
		{C2C7E2DA-0740-41E1-91B1-993F0100317E}.Release|Any CPU.Build.0 = Release|Any CPU
	EndGlobalSection
	GlobalSection(SolutionProperties) = preSolution
		HideSolutionNode = FALSE
	EndGlobalSection
	GlobalSection(ExtensibilityGlobals) = postSolution
		SolutionGuid = {56387412-0F1C-4268-8A91-09A47CB6E824}
	EndGlobalSection
EndGlobal
